
Microsoft Visual Studio Solution File, Format Version 12.00
# Visual Studio Version 16
VisualStudioVersion = 16.0.31410.357
MinimumVisualStudioVersion = 10.0.40219.1
Project("{FAE04EC0-301F-11D3-BF4B-00C04F79EFBC}") = "TicketSellingApp", "TicketSellingApp\TicketSellingApp.csproj", "{5AFDC96C-A392-4F1C-86E7-CECDF00CCDFC}"
EndProject
Global
	GlobalSection(SolutionConfigurationPlatforms) = preSolution
		Debug|Any CPU = Debug|Any CPU
		Release|Any CPU = Release|Any CPU
	EndGlobalSection
	GlobalSection(ProjectConfigurationPlatforms) = postSolution
		{5AFDC96C-A392-4F1C-86E7-CECDF00CCDFC}.Debug|Any CPU.ActiveCfg = Debug|Any CPU
		{5AFDC96C-A392-4F1C-86E7-CECDF00CCDFC}.Debug|Any CPU.Build.0 = Debug|Any CPU
		{5AFDC96C-A392-4F1C-86E7-CECDF00CCDFC}.Release|Any CPU.ActiveCfg = Release|Any CPU
		{5AFDC96C-A392-4F1C-86E7-CECDF00CCDFC}.Release|Any CPU.Build.0 = Release|Any CPU
	EndGlobalSection
	GlobalSection(SolutionProperties) = preSolution
		HideSolutionNode = FALSE
	EndGlobalSection
	GlobalSection(ExtensibilityGlobals) = postSolution
		SolutionGuid = {03A372A6-A5C3-4B49-BC29-3CD5AACA3E9E}
	EndGlobalSection
EndGlobal
